{
  "name": "js-statemachines",
  "lockfileVersion": 3,
  "requires": true,
  "packages": {
    "": {
      "name": "js-statemachines",
      "dependencies": {
        "xstate": "^5.18.2"
      }
    },
    "node_modules/xstate": {
      "version": "5.32.1",
      "resolved": "https://registry.npmjs.org/xstate/-/xstate-5.32.1.tgz",
      "integrity": "sha512-IGX9q5vEOplWjVq79edfgjJfVV/lXCup9p/fQGgUabAveZrlRwWJ/mC2iZEE7wswXbWITBCoS7gmoFfcuWAwsQ==",
      "license": "MIT",
      "funding": {
        "type": "opencollective",
        "url": "https://opencollective.com/xstate"
      }
    }
  }
}
