{
  "name": "js-immutable",
  "lockfileVersion": 3,
  "requires": true,
  "packages": {
    "": {
      "name": "js-immutable",
      "dependencies": {
        "immutable": "^5.0.3"
      }
    },
    "node_modules/immutable": {
      "version": "5.1.6",
      "resolved": "https://registry.npmjs.org/immutable/-/immutable-5.1.6.tgz",
      "integrity": "sha512-q1swsS8K7L8usSHuOqF2TAoCCkonYz0SG38wLAggaa4Wml70zixIvt2ql4coQ2C2B3hTjltJry4r6bULwgAXLQ==",
      "license": "MIT"
    }
  }
}
